
Microsoft Visual Studio Solution File, Format Version 12.00
# Visual Studio Version 17
VisualStudioVersion = 17.5.002.0
MinimumVisualStudioVersion = 10.0.40219.1
Project("{9A19103F-16F7-4668-BE54-9A1E7A4F7556}") = "test", "test.csproj", "{4CE3B362-FA29-4283-A741-FFBC9FE17236}"
EndProject
Global
	GlobalSection(SolutionConfigurationPlatforms) = preSolution
		Debug|Any CPU = Debug|Any CPU
		Release|Any CPU = Release|Any CPU
	EndGlobalSection
	GlobalSection(ProjectConfigurationPlatforms) = postSolution
		{4CE3B362-FA29-4283-A741-FFBC9FE17236}.Debug|Any CPU.ActiveCfg = Debug|Any CPU
		{4CE3B362-FA29-4283-A741-FFBC9FE17236}.Debug|Any CPU.Build.0 = Debug|Any CPU
		{4CE3B362-FA29-4283-A741-FFBC9FE17236}.Release|Any CPU.ActiveCfg = Release|Any CPU
		{4CE3B362-FA29-4283-A741-FFBC9FE17236}.Release|Any CPU.Build.0 = Release|Any CPU
	EndGlobalSection
	GlobalSection(SolutionProperties) = preSolution
		HideSolutionNode = FALSE
	EndGlobalSection
	GlobalSection(ExtensibilityGlobals) = postSolution
		SolutionGuid = {CC3F6BDA-E295-4BF7-9CEC-D82BD42A8AF2}
	EndGlobalSection
EndGlobal
